
Microsoft Visual Studio Solution File, Format Version 12.00
# Visual Studio Version 16
VisualStudioVersion = 16.0.30717.126
MinimumVisualStudioVersion = 10.0.40219.1
Project("{9A19103F-16F7-4668-BE54-9A1E7A4F7556}") = "HellasAPIs.Server", "HellasAPIs\Server\HellasAPIs.Server.csproj", "{DDA0D136-C74B-4769-AD1B-F4A19D5704CC}"
EndProject
Project("{9A19103F-16F7-4668-BE54-9A1E7A4F7556}") = "HellasAPIs.Client", "HellasAPIs\Client\HellasAPIs.Client.csproj", "{41548C48-1011-4F91-8572-7E936A39B17B}"
EndProject
Project("{9A19103F-16F7-4668-BE54-9A1E7A4F7556}") = "HellasAPIs.Shared", "HellasAPIs\Shared\HellasAPIs.Shared.csproj", "{69B3F1CE-F6B0-45FF-B159-6DCF1E130E6E}"
EndProject
Global
	GlobalSection(SolutionConfigurationPlatforms) = preSolution
		Debug|Any CPU = Debug|Any CPU
		Release|Any CPU = Release|Any CPU
	EndGlobalSection
	GlobalSection(ProjectConfigurationPlatforms) = postSolution
		{DDA0D136-C74B-4769-AD1B-F4A19D5704CC}.Debug|Any CPU.ActiveCfg = Debug|Any CPU
		{DDA0D136-C74B-4769-AD1B-F4A19D5704CC}.Debug|Any CPU.Build.0 = Debug|Any CPU
		{DDA0D136-C74B-4769-AD1B-F4A19D5704CC}.Release|Any CPU.ActiveCfg = Release|Any CPU
		{DDA0D136-C74B-4769-AD1B-F4A19D5704CC}.Release|Any CPU.Build.0 = Release|Any CPU
		{41548C48-1011-4F91-8572-7E936A39B17B}.Debug|Any CPU.ActiveCfg = Debug|Any CPU
		{41548C48-1011-4F91-8572-7E936A39B17B}.Debug|Any CPU.Build.0 = Debug|Any CPU
		{41548C48-1011-4F91-8572-7E936A39B17B}.Release|Any CPU.ActiveCfg = Release|Any CPU
		{41548C48-1011-4F91-8572-7E936A39B17B}.Release|Any CPU.Build.0 = Release|Any CPU
		{69B3F1CE-F6B0-45FF-B159-6DCF1E130E6E}.Debug|Any CPU.ActiveCfg = Debug|Any CPU
		{69B3F1CE-F6B0-45FF-B159-6DCF1E130E6E}.Debug|Any CPU.Build.0 = Debug|Any CPU
		{69B3F1CE-F6B0-45FF-B159-6DCF1E130E6E}.Release|Any CPU.ActiveCfg = Release|Any CPU
		{69B3F1CE-F6B0-45FF-B159-6DCF1E130E6E}.Release|Any CPU.Build.0 = Release|Any CPU
	EndGlobalSection
	GlobalSection(SolutionProperties) = preSolution
		HideSolutionNode = FALSE
	EndGlobalSection
	GlobalSection(ExtensibilityGlobals) = postSolution
		SolutionGuid = {110AD057-F22F-415F-B44E-34099EAF5AE4}
	EndGlobalSection
EndGlobal
